{
  "version": 4,
  "terraform_version": "1.5.7",
  "serial": 13,
  "lineage": "2c9f6b6f-2efb-c639-2a5f-020ab828cfcd",
  "outputs": {
    "gitlab_ip": {
      "value": "192.168.2.11",
      "type": "string"
    },
    "gitlab_registry_url": {
      "value": "gitlab.basile.local:5050",
      "type": "string"
    },
    "gitlab_url_http": {
      "value": "http://gitlab.basile.local",
      "type": "string"
    },
    "gitlab_url_https": {
      "value": "https://gitlab.basile.local",
      "type": "string"
    }
  },
  "resources": [
    {
      "mode": "managed",
      "type": "null_resource",
      "name": "gitlab_provisioning",
      "provider": "provider[\"registry.terraform.io/hashicorp/null\"]",
      "instances": [
        {
          "status": "tainted",
          "schema_version": 0,
          "attributes": {
            "id": "3558958999920021064",
            "triggers": null
          },
          "sensitive_attributes": [],
          "dependencies": [
            "proxmox_lxc.gitlab"
          ]
        }
      ]
    },
    {
      "mode": "managed",
      "type": "proxmox_lxc",
      "name": "gitlab",
      "provider": "provider[\"registry.terraform.io/telmate/proxmox\"]",
      "instances": [
        {
          "schema_version": 0,
          "attributes": {
            "arch": "amd64",
            "bwlimit": 0,
            "clone": null,
            "clone_storage": null,
            "cmode": "tty",
            "console": true,
            "cores": 6,
            "cpulimit": 0,
            "cpuunits": 1024,
            "description": "",
            "features": [],
            "force": false,
            "full": null,
            "hagroup": "",
            "hastate": "",
            "hookscript": "",
            "hostname": "gitlab.basile.local",
            "id": "pve/lxc/100",
            "ignore_unpack_errors": false,
            "lock": "",
            "memory": 8192,
            "mountpoint": [],
            "nameserver": "1.1.1.1",
            "network": [
              {
                "bridge": "vmbr0",
                "firewall": false,
                "gw": "192.168.2.1",
                "gw6": "",
                "hwaddr": "BC:24:11:8C:40:F9",
                "ip": "192.168.2.11/24",
                "ip6": "",
                "mtu": 0,
                "name": "eth0",
                "rate": 0,
                "tag": 0,
                "trunks": "",
                "type": "veth"
              }
            ],
            "onboot": true,
            "ostemplate": "local:vztmpl/debian-12-standard_12.7-1_amd64.tar.zst",
            "ostype": "debian",
            "password": "totototo",
            "pool": null,
            "protection": false,
            "restore": false,
            "rootfs": [
              {
                "acl": false,
                "quota": false,
                "replicate": false,
                "ro": false,
                "shared": false,
                "size": "32G",
                "storage": "local-lvm",
                "volume": "local-lvm:vm-100-disk-0"
              }
            ],
            "searchdomain": "basile.local",
            "ssh_public_keys": null,
            "start": true,
            "startup": "",
            "swap": 0,
            "tags": "",
            "target_node": "pve",
            "template": false,
            "timeouts": null,
            "tty": 2,
            "unique": false,
            "unprivileged": true,
            "unused": [],
            "vmid": null
          },
          "sensitive_attributes": [
            [
              {
                "type": "get_attr",
                "value": "password"
              }
            ]
          ],
          "private": "eyJlMmJmYjczMC1lY2FhLTExZTYtOGY4OC0zNDM2M2JjN2M0YzAiOnsiY3JlYXRlIjoxMjAwMDAwMDAwMDAwLCJkZWZhdWx0IjoxMjAwMDAwMDAwMDAwLCJkZWxldGUiOjEyMDAwMDAwMDAwMDAsInJlYWQiOjEyMDAwMDAwMDAwMDAsInVwZGF0ZSI6MTIwMDAwMDAwMDAwMH19"
        }
      ]
    }
  ],
  "check_results": null
}
